
Microsoft Visual Studio Solution File, Format Version 12.00
# Visual Studio Version 16
VisualStudioVersion = 16.0.32630.194
MinimumVisualStudioVersion = 10.0.40219.1
Project("{8BC9CEB8-8B4A-11D0-8D11-00A0C91BC942}") = "searchFileApp", "searchFileApp.vcxproj", "{64AD3F15-DC04-49D8-AA4D-1C397F4FC445}"
EndProject
Global
	GlobalSection(SolutionConfigurationPlatforms) = preSolution
		Debug|x64 = Debug|x64
		Debug|x86 = Debug|x86
		Release|x64 = Release|x64
		Release|x86 = Release|x86
	EndGlobalSection
	GlobalSection(ProjectConfigurationPlatforms) = postSolution
		{64AD3F15-DC04-49D8-AA4D-1C397F4FC445}.Debug|x64.ActiveCfg = Debug|x64
		{64AD3F15-DC04-49D8-AA4D-1C397F4FC445}.Debug|x64.Build.0 = Debug|x64
		{64AD3F15-DC04-49D8-AA4D-1C397F4FC445}.Debug|x86.ActiveCfg = Debug|Win32
		{64AD3F15-DC04-49D8-AA4D-1C397F4FC445}.Debug|x86.Build.0 = Debug|Win32
		{64AD3F15-DC04-49D8-AA4D-1C397F4FC445}.Release|x64.ActiveCfg = Release|x64
		{64AD3F15-DC04-49D8-AA4D-1C397F4FC445}.Release|x64.Build.0 = Release|x64
		{64AD3F15-DC04-49D8-AA4D-1C397F4FC445}.Release|x86.ActiveCfg = Release|Win32
		{64AD3F15-DC04-49D8-AA4D-1C397F4FC445}.Release|x86.Build.0 = Release|Win32
	EndGlobalSection
	GlobalSection(SolutionProperties) = preSolution
		HideSolutionNode = FALSE
	EndGlobalSection
	GlobalSection(ExtensibilityGlobals) = postSolution
		SolutionGuid = {1C2CD810-01AC-4F23-9DD9-FE9F37FFFA04}
	EndGlobalSection
EndGlobal
